
Microsoft Visual Studio Solution File, Format Version 12.00
# Visual Studio Version 17
VisualStudioVersion = 17.13.35931.197 d17.13
MinimumVisualStudioVersion = 10.0.40219.1
Project("{FAE04EC0-301F-11D3-BF4B-00C04F79EFBC}") = "Dividirnumeros", "Dividirnumeros\Dividirnumeros.csproj", "{F1B65CD5-27A4-41F4-B3FF-1526C3BC1048}"
EndProject
Global
	GlobalSection(SolutionConfigurationPlatforms) = preSolution
		Debug|Any CPU = Debug|Any CPU
		Release|Any CPU = Release|Any CPU
	EndGlobalSection
	GlobalSection(ProjectConfigurationPlatforms) = postSolution
		{F1B65CD5-27A4-41F4-B3FF-1526C3BC1048}.Debug|Any CPU.ActiveCfg = Debug|Any CPU
		{F1B65CD5-27A4-41F4-B3FF-1526C3BC1048}.Debug|Any CPU.Build.0 = Debug|Any CPU
		{F1B65CD5-27A4-41F4-B3FF-1526C3BC1048}.Release|Any CPU.ActiveCfg = Release|Any CPU
		{F1B65CD5-27A4-41F4-B3FF-1526C3BC1048}.Release|Any CPU.Build.0 = Release|Any CPU
	EndGlobalSection
	GlobalSection(SolutionProperties) = preSolution
		HideSolutionNode = FALSE
	EndGlobalSection
	GlobalSection(ExtensibilityGlobals) = postSolution
		SolutionGuid = {34EC1E8C-CB58-45BE-B50C-E460D87DF51D}
	EndGlobalSection
EndGlobal
