
Microsoft Visual Studio Solution File, Format Version 12.00
# Visual Studio Version 17
VisualStudioVersion = 17.13.35931.197
MinimumVisualStudioVersion = 10.0.40219.1
Project("{FAE04EC0-301F-11D3-BF4B-00C04F79EFBC}") = "Dividirnumeros", "Dividirnumeros\Dividirnumeros.csproj", "{F1B65CD5-27A4-41F4-B3FF-1526C3BC1048}"
EndProject
Project("{FAE04EC0-301F-11D3-BF4B-00C04F79EFBC}") = "Multiplicarnumeros", "Multiplicarnumeros\Multiplicarnumeros.csproj", "{CB42A118-8F61-48DD-961D-FC19FB078E61}"
EndProject
Project("{FAE04EC0-301F-11D3-BF4B-00C04F79EFBC}") = "Numerosprimo", "Numerosprimo\Numerosprimo.csproj", "{E0133E55-8668-47B5-BD07-C9305ACD4D58}"
EndProject
Project("{FAE04EC0-301F-11D3-BF4B-00C04F79EFBC}") = "Formulacuadratica", "Formulacuadratica\Formulacuadratica.csproj", "{37914990-0F36-47D8-B77F-D88DF159DA6C}"
EndProject
Global
	GlobalSection(SolutionConfigurationPlatforms) = preSolution
		Debug|Any CPU = Debug|Any CPU
		Release|Any CPU = Release|Any CPU
	EndGlobalSection
	GlobalSection(ProjectConfigurationPlatforms) = postSolution
		{F1B65CD5-27A4-41F4-B3FF-1526C3BC1048}.Debug|Any CPU.ActiveCfg = Debug|Any CPU
		{F1B65CD5-27A4-41F4-B3FF-1526C3BC1048}.Debug|Any CPU.Build.0 = Debug|Any CPU
		{F1B65CD5-27A4-41F4-B3FF-1526C3BC1048}.Release|Any CPU.ActiveCfg = Release|Any CPU
		{F1B65CD5-27A4-41F4-B3FF-1526C3BC1048}.Release|Any CPU.Build.0 = Release|Any CPU
		{CB42A118-8F61-48DD-961D-FC19FB078E61}.Debug|Any CPU.ActiveCfg = Debug|Any CPU
		{CB42A118-8F61-48DD-961D-FC19FB078E61}.Debug|Any CPU.Build.0 = Debug|Any CPU
		{CB42A118-8F61-48DD-961D-FC19FB078E61}.Release|Any CPU.ActiveCfg = Release|Any CPU
		{CB42A118-8F61-48DD-961D-FC19FB078E61}.Release|Any CPU.Build.0 = Release|Any CPU
		{E0133E55-8668-47B5-BD07-C9305ACD4D58}.Debug|Any CPU.ActiveCfg = Debug|Any CPU
		{E0133E55-8668-47B5-BD07-C9305ACD4D58}.Debug|Any CPU.Build.0 = Debug|Any CPU
		{E0133E55-8668-47B5-BD07-C9305ACD4D58}.Release|Any CPU.ActiveCfg = Release|Any CPU
		{E0133E55-8668-47B5-BD07-C9305ACD4D58}.Release|Any CPU.Build.0 = Release|Any CPU
		{37914990-0F36-47D8-B77F-D88DF159DA6C}.Debug|Any CPU.ActiveCfg = Debug|Any CPU
		{37914990-0F36-47D8-B77F-D88DF159DA6C}.Debug|Any CPU.Build.0 = Debug|Any CPU
		{37914990-0F36-47D8-B77F-D88DF159DA6C}.Release|Any CPU.ActiveCfg = Release|Any CPU
		{37914990-0F36-47D8-B77F-D88DF159DA6C}.Release|Any CPU.Build.0 = Release|Any CPU
	EndGlobalSection
	GlobalSection(SolutionProperties) = preSolution
		HideSolutionNode = FALSE
	EndGlobalSection
	GlobalSection(ExtensibilityGlobals) = postSolution
		SolutionGuid = {34EC1E8C-CB58-45BE-B50C-E460D87DF51D}
	EndGlobalSection
EndGlobal
